
Microsoft Visual Studio Solution File, Format Version 12.00
# Visual Studio 15
VisualStudioVersion = 15.0.27428.2037
MinimumVisualStudioVersion = 10.0.40219.1
Project("{FAE04EC0-301F-11D3-BF4B-00C04F79EFBC}") = "Oreo.Net", "Oreo.Net\Oreo.Net.csproj", "{9595BD58-BDD5-4B32-B97F-A47477ED8135}"
EndProject
Project("{2150E333-8FDC-42A3-9474-1A3956D46DE8}") = "Oreo.Soft", "Oreo.Soft", "{D88C2696-C108-4B51-8B85-F3BFAD82F30D}"
EndProject
Project("{FAE04EC0-301F-11D3-BF4B-00C04F79EFBC}") = "Oreo.BigBirdDeployer", "Oreo.Soft\Oreo.BigBirdDeployer\Oreo.BigBirdDeployer.csproj", "{09A73EF5-BA8F-4757-A3EA-303D82CEBC85}"
EndProject
Project("{FAE04EC0-301F-11D3-BF4B-00C04F79EFBC}") = "Oreo.BlueScreen", "Oreo.Soft\Oreo.BlueScreen\Oreo.BlueScreen.csproj", "{FF40B0B8-4159-419A-9FE2-7FC095D912A6}"
EndProject
Project("{2150E333-8FDC-42A3-9474-1A3956D46DE8}") = "Test", "Test", "{2181B219-3720-494B-96F7-56922B477E99}"
EndProject
Global
	GlobalSection(SolutionConfigurationPlatforms) = preSolution
		Debug|Any CPU = Debug|Any CPU
		Release|Any CPU = Release|Any CPU
	EndGlobalSection
	GlobalSection(ProjectConfigurationPlatforms) = postSolution
		{9595BD58-BDD5-4B32-B97F-A47477ED8135}.Debug|Any CPU.ActiveCfg = Debug|Any CPU
		{9595BD58-BDD5-4B32-B97F-A47477ED8135}.Debug|Any CPU.Build.0 = Debug|Any CPU
		{9595BD58-BDD5-4B32-B97F-A47477ED8135}.Release|Any CPU.ActiveCfg = Release|Any CPU
		{9595BD58-BDD5-4B32-B97F-A47477ED8135}.Release|Any CPU.Build.0 = Release|Any CPU
		{09A73EF5-BA8F-4757-A3EA-303D82CEBC85}.Debug|Any CPU.ActiveCfg = Debug|Any CPU
		{09A73EF5-BA8F-4757-A3EA-303D82CEBC85}.Debug|Any CPU.Build.0 = Debug|Any CPU
		{09A73EF5-BA8F-4757-A3EA-303D82CEBC85}.Release|Any CPU.ActiveCfg = Release|Any CPU
		{09A73EF5-BA8F-4757-A3EA-303D82CEBC85}.Release|Any CPU.Build.0 = Release|Any CPU
		{FF40B0B8-4159-419A-9FE2-7FC095D912A6}.Debug|Any CPU.ActiveCfg = Debug|Any CPU
		{FF40B0B8-4159-419A-9FE2-7FC095D912A6}.Debug|Any CPU.Build.0 = Debug|Any CPU
		{FF40B0B8-4159-419A-9FE2-7FC095D912A6}.Release|Any CPU.ActiveCfg = Release|Any CPU
		{FF40B0B8-4159-419A-9FE2-7FC095D912A6}.Release|Any CPU.Build.0 = Release|Any CPU
	EndGlobalSection
	GlobalSection(SolutionProperties) = preSolution
		HideSolutionNode = FALSE
	EndGlobalSection
	GlobalSection(NestedProjects) = preSolution
		{09A73EF5-BA8F-4757-A3EA-303D82CEBC85} = {D88C2696-C108-4B51-8B85-F3BFAD82F30D}
		{FF40B0B8-4159-419A-9FE2-7FC095D912A6} = {D88C2696-C108-4B51-8B85-F3BFAD82F30D}
	EndGlobalSection
	GlobalSection(ExtensibilityGlobals) = postSolution
		SolutionGuid = {895790C9-EA3C-4905-87E6-75B493BAD7EB}
	EndGlobalSection
EndGlobal
